
Microsoft Visual Studio Solution File, Format Version 11.00
# Visual Studio 2010
Project("{FAE04EC0-301F-11D3-BF4B-00C04F79EFBC}") = "Flatformer", "Flatformer.csproj", "{B827DE57-7078-4646-BD87-E8BAF3D7095F}"
EndProject
Project("{FAE04EC0-301F-11D3-BF4B-00C04F79EFBC}") = "GameName1", "..\GameName1\GameName1\GameName1.csproj", "{98CEEC2B-4725-4422-B248-D305D22E5C61}"
EndProject
Project("{96E2B04D-8817-42C6-938A-82C39BA4D311}") = "GameName1Content", "..\GameName1\GameName1Content\GameName1Content.contentproj", "{50F67B1F-A739-4CBF-B19D-35E8782C46D5}"
EndProject
Global
	GlobalSection(SolutionConfigurationPlatforms) = preSolution
		Android|Any CPU = Android|Any CPU
		Android|Mixed Platforms = Android|Mixed Platforms
		Android|x86 = Android|x86
		Debug|Any CPU = Debug|Any CPU
		Debug|Mixed Platforms = Debug|Mixed Platforms
		Debug|x86 = Debug|x86
		iOS|Any CPU = iOS|Any CPU
		iOS|Mixed Platforms = iOS|Mixed Platforms
		iOS|x86 = iOS|x86
		Linux|Any CPU = Linux|Any CPU
		Linux|Mixed Platforms = Linux|Mixed Platforms
		Linux|x86 = Linux|x86
		OSX|Any CPU = OSX|Any CPU
		OSX|Mixed Platforms = OSX|Mixed Platforms
		OSX|x86 = OSX|x86
		PSM|Any CPU = PSM|Any CPU
		PSM|Mixed Platforms = PSM|Mixed Platforms
		PSM|x86 = PSM|x86
		Release|Any CPU = Release|Any CPU
		Release|Mixed Platforms = Release|Mixed Platforms
		Release|x86 = Release|x86
		Windows|Any CPU = Windows|Any CPU
		Windows|Mixed Platforms = Windows|Mixed Platforms
		Windows|x86 = Windows|x86
		Windows8|Any CPU = Windows8|Any CPU
		Windows8|Mixed Platforms = Windows8|Mixed Platforms
		Windows8|x86 = Windows8|x86
	EndGlobalSection
	GlobalSection(ProjectConfigurationPlatforms) = postSolution
		{B827DE57-7078-4646-BD87-E8BAF3D7095F}.Android|Any CPU.ActiveCfg = Release|x86
		{B827DE57-7078-4646-BD87-E8BAF3D7095F}.Android|Mixed Platforms.ActiveCfg = Release|x86
		{B827DE57-7078-4646-BD87-E8BAF3D7095F}.Android|Mixed Platforms.Build.0 = Release|x86
		{B827DE57-7078-4646-BD87-E8BAF3D7095F}.Android|x86.ActiveCfg = Release|x86
		{B827DE57-7078-4646-BD87-E8BAF3D7095F}.Android|x86.Build.0 = Release|x86
		{B827DE57-7078-4646-BD87-E8BAF3D7095F}.Debug|Any CPU.ActiveCfg = Debug|x86
		{B827DE57-7078-4646-BD87-E8BAF3D7095F}.Debug|Mixed Platforms.ActiveCfg = Debug|x86
		{B827DE57-7078-4646-BD87-E8BAF3D7095F}.Debug|Mixed Platforms.Build.0 = Debug|x86
		{B827DE57-7078-4646-BD87-E8BAF3D7095F}.Debug|x86.ActiveCfg = Debug|x86
		{B827DE57-7078-4646-BD87-E8BAF3D7095F}.Debug|x86.Build.0 = Debug|x86
		{B827DE57-7078-4646-BD87-E8BAF3D7095F}.iOS|Any CPU.ActiveCfg = Release|x86
		{B827DE57-7078-4646-BD87-E8BAF3D7095F}.iOS|Mixed Platforms.ActiveCfg = Release|x86
		{B827DE57-7078-4646-BD87-E8BAF3D7095F}.iOS|Mixed Platforms.Build.0 = Release|x86
		{B827DE57-7078-4646-BD87-E8BAF3D7095F}.iOS|x86.ActiveCfg = Release|x86
		{B827DE57-7078-4646-BD87-E8BAF3D7095F}.iOS|x86.Build.0 = Release|x86
		{B827DE57-7078-4646-BD87-E8BAF3D7095F}.Linux|Any CPU.ActiveCfg = Release|x86
		{B827DE57-7078-4646-BD87-E8BAF3D7095F}.Linux|Mixed Platforms.ActiveCfg = Release|x86
		{B827DE57-7078-4646-BD87-E8BAF3D7095F}.Linux|Mixed Platforms.Build.0 = Release|x86
		{B827DE57-7078-4646-BD87-E8BAF3D7095F}.Linux|x86.ActiveCfg = Release|x86
		{B827DE57-7078-4646-BD87-E8BAF3D7095F}.Linux|x86.Build.0 = Release|x86
		{B827DE57-7078-4646-BD87-E8BAF3D7095F}.OSX|Any CPU.ActiveCfg = Release|x86
		{B827DE57-7078-4646-BD87-E8BAF3D7095F}.OSX|Mixed Platforms.ActiveCfg = Release|x86
		{B827DE57-7078-4646-BD87-E8BAF3D7095F}.OSX|Mixed Platforms.Build.0 = Release|x86
		{B827DE57-7078-4646-BD87-E8BAF3D7095F}.OSX|x86.ActiveCfg = Release|x86
		{B827DE57-7078-4646-BD87-E8BAF3D7095F}.OSX|x86.Build.0 = Release|x86
		{B827DE57-7078-4646-BD87-E8BAF3D7095F}.PSM|Any CPU.ActiveCfg = Release|x86
		{B827DE57-7078-4646-BD87-E8BAF3D7095F}.PSM|Mixed Platforms.ActiveCfg = Release|x86
		{B827DE57-7078-4646-BD87-E8BAF3D7095F}.PSM|Mixed Platforms.Build.0 = Release|x86
		{B827DE57-7078-4646-BD87-E8BAF3D7095F}.PSM|x86.ActiveCfg = Release|x86
		{B827DE57-7078-4646-BD87-E8BAF3D7095F}.PSM|x86.Build.0 = Release|x86
		{B827DE57-7078-4646-BD87-E8BAF3D7095F}.Release|Any CPU.ActiveCfg = Release|x86
		{B827DE57-7078-4646-BD87-E8BAF3D7095F}.Release|Mixed Platforms.ActiveCfg = Release|x86
		{B827DE57-7078-4646-BD87-E8BAF3D7095F}.Release|Mixed Platforms.Build.0 = Release|x86
		{B827DE57-7078-4646-BD87-E8BAF3D7095F}.Release|x86.ActiveCfg = Release|x86
		{B827DE57-7078-4646-BD87-E8BAF3D7095F}.Release|x86.Build.0 = Release|x86
		{B827DE57-7078-4646-BD87-E8BAF3D7095F}.Windows|Any CPU.ActiveCfg = Release|x86
		{B827DE57-7078-4646-BD87-E8BAF3D7095F}.Windows|Mixed Platforms.ActiveCfg = Release|x86
		{B827DE57-7078-4646-BD87-E8BAF3D7095F}.Windows|Mixed Platforms.Build.0 = Release|x86
		{B827DE57-7078-4646-BD87-E8BAF3D7095F}.Windows|x86.ActiveCfg = Release|x86
		{B827DE57-7078-4646-BD87-E8BAF3D7095F}.Windows|x86.Build.0 = Release|x86
		{B827DE57-7078-4646-BD87-E8BAF3D7095F}.Windows8|Any CPU.ActiveCfg = Release|x86
		{B827DE57-7078-4646-BD87-E8BAF3D7095F}.Windows8|Mixed Platforms.ActiveCfg = Release|x86
		{B827DE57-7078-4646-BD87-E8BAF3D7095F}.Windows8|Mixed Platforms.Build.0 = Release|x86
		{B827DE57-7078-4646-BD87-E8BAF3D7095F}.Windows8|x86.ActiveCfg = Release|x86
		{B827DE57-7078-4646-BD87-E8BAF3D7095F}.Windows8|x86.Build.0 = Release|x86
		{98CEEC2B-4725-4422-B248-D305D22E5C61}.Android|Any CPU.ActiveCfg = Android|Any CPU
		{98CEEC2B-4725-4422-B248-D305D22E5C61}.Android|Any CPU.Build.0 = Android|Any CPU
		{98CEEC2B-4725-4422-B248-D305D22E5C61}.Android|Mixed Platforms.ActiveCfg = Android|Any CPU
		{98CEEC2B-4725-4422-B248-D305D22E5C61}.Android|Mixed Platforms.Build.0 = Android|Any CPU
		{98CEEC2B-4725-4422-B248-D305D22E5C61}.Android|x86.ActiveCfg = Android|Any CPU
		{98CEEC2B-4725-4422-B248-D305D22E5C61}.Debug|Any CPU.ActiveCfg = PSM|Any CPU
		{98CEEC2B-4725-4422-B248-D305D22E5C61}.Debug|Any CPU.Build.0 = PSM|Any CPU
		{98CEEC2B-4725-4422-B248-D305D22E5C61}.Debug|Mixed Platforms.ActiveCfg = PSM|Any CPU
		{98CEEC2B-4725-4422-B248-D305D22E5C61}.Debug|Mixed Platforms.Build.0 = PSM|Any CPU
		{98CEEC2B-4725-4422-B248-D305D22E5C61}.Debug|x86.ActiveCfg = PSM|Any CPU
		{98CEEC2B-4725-4422-B248-D305D22E5C61}.iOS|Any CPU.ActiveCfg = iOS|Any CPU
		{98CEEC2B-4725-4422-B248-D305D22E5C61}.iOS|Any CPU.Build.0 = iOS|Any CPU
		{98CEEC2B-4725-4422-B248-D305D22E5C61}.iOS|Mixed Platforms.ActiveCfg = iOS|Any CPU
		{98CEEC2B-4725-4422-B248-D305D22E5C61}.iOS|Mixed Platforms.Build.0 = iOS|Any CPU
		{98CEEC2B-4725-4422-B248-D305D22E5C61}.iOS|x86.ActiveCfg = iOS|Any CPU
		{98CEEC2B-4725-4422-B248-D305D22E5C61}.Linux|Any CPU.ActiveCfg = Linux|Any CPU
		{98CEEC2B-4725-4422-B248-D305D22E5C61}.Linux|Any CPU.Build.0 = Linux|Any CPU
		{98CEEC2B-4725-4422-B248-D305D22E5C61}.Linux|Mixed Platforms.ActiveCfg = Linux|Any CPU
		{98CEEC2B-4725-4422-B248-D305D22E5C61}.Linux|Mixed Platforms.Build.0 = Linux|Any CPU
		{98CEEC2B-4725-4422-B248-D305D22E5C61}.Linux|x86.ActiveCfg = Linux|Any CPU
		{98CEEC2B-4725-4422-B248-D305D22E5C61}.OSX|Any CPU.ActiveCfg = OSX|Any CPU
		{98CEEC2B-4725-4422-B248-D305D22E5C61}.OSX|Any CPU.Build.0 = OSX|Any CPU
		{98CEEC2B-4725-4422-B248-D305D22E5C61}.OSX|Mixed Platforms.ActiveCfg = OSX|Any CPU
		{98CEEC2B-4725-4422-B248-D305D22E5C61}.OSX|Mixed Platforms.Build.0 = OSX|Any CPU
		{98CEEC2B-4725-4422-B248-D305D22E5C61}.OSX|x86.ActiveCfg = OSX|Any CPU
		{98CEEC2B-4725-4422-B248-D305D22E5C61}.PSM|Any CPU.ActiveCfg = PSM|Any CPU
		{98CEEC2B-4725-4422-B248-D305D22E5C61}.PSM|Any CPU.Build.0 = PSM|Any CPU
		{98CEEC2B-4725-4422-B248-D305D22E5C61}.PSM|Mixed Platforms.ActiveCfg = PSM|Any CPU
		{98CEEC2B-4725-4422-B248-D305D22E5C61}.PSM|Mixed Platforms.Build.0 = PSM|Any CPU
		{98CEEC2B-4725-4422-B248-D305D22E5C61}.PSM|x86.ActiveCfg = PSM|Any CPU
		{98CEEC2B-4725-4422-B248-D305D22E5C61}.Release|Any CPU.ActiveCfg = PSM|Any CPU
		{98CEEC2B-4725-4422-B248-D305D22E5C61}.Release|Any CPU.Build.0 = PSM|Any CPU
		{98CEEC2B-4725-4422-B248-D305D22E5C61}.Release|Mixed Platforms.ActiveCfg = PSM|Any CPU
		{98CEEC2B-4725-4422-B248-D305D22E5C61}.Release|Mixed Platforms.Build.0 = PSM|Any CPU
		{98CEEC2B-4725-4422-B248-D305D22E5C61}.Release|x86.ActiveCfg = PSM|Any CPU
		{98CEEC2B-4725-4422-B248-D305D22E5C61}.Windows|Any CPU.ActiveCfg = Windows|Any CPU
		{98CEEC2B-4725-4422-B248-D305D22E5C61}.Windows|Any CPU.Build.0 = Windows|Any CPU
		{98CEEC2B-4725-4422-B248-D305D22E5C61}.Windows|Mixed Platforms.ActiveCfg = Windows|Any CPU
		{98CEEC2B-4725-4422-B248-D305D22E5C61}.Windows|Mixed Platforms.Build.0 = Windows|Any CPU
		{98CEEC2B-4725-4422-B248-D305D22E5C61}.Windows|x86.ActiveCfg = Windows|Any CPU
		{98CEEC2B-4725-4422-B248-D305D22E5C61}.Windows8|Any CPU.ActiveCfg = Windows8|Any CPU
		{98CEEC2B-4725-4422-B248-D305D22E5C61}.Windows8|Any CPU.Build.0 = Windows8|Any CPU
		{98CEEC2B-4725-4422-B248-D305D22E5C61}.Windows8|Mixed Platforms.ActiveCfg = Windows8|Any CPU
		{98CEEC2B-4725-4422-B248-D305D22E5C61}.Windows8|Mixed Platforms.Build.0 = Windows8|Any CPU
		{98CEEC2B-4725-4422-B248-D305D22E5C61}.Windows8|x86.ActiveCfg = Windows8|Any CPU
		{50F67B1F-A739-4CBF-B19D-35E8782C46D5}.Android|Any CPU.ActiveCfg = Android|Any CPU
		{50F67B1F-A739-4CBF-B19D-35E8782C46D5}.Android|Mixed Platforms.ActiveCfg = Android|Any CPU
		{50F67B1F-A739-4CBF-B19D-35E8782C46D5}.Android|x86.ActiveCfg = Android|Any CPU
		{50F67B1F-A739-4CBF-B19D-35E8782C46D5}.Debug|Any CPU.ActiveCfg = PSM|Any CPU
		{50F67B1F-A739-4CBF-B19D-35E8782C46D5}.Debug|Mixed Platforms.ActiveCfg = PSM|Any CPU
		{50F67B1F-A739-4CBF-B19D-35E8782C46D5}.Debug|x86.ActiveCfg = PSM|Any CPU
		{50F67B1F-A739-4CBF-B19D-35E8782C46D5}.iOS|Any CPU.ActiveCfg = iOS|Any CPU
		{50F67B1F-A739-4CBF-B19D-35E8782C46D5}.iOS|Mixed Platforms.ActiveCfg = iOS|Any CPU
		{50F67B1F-A739-4CBF-B19D-35E8782C46D5}.iOS|x86.ActiveCfg = iOS|Any CPU
		{50F67B1F-A739-4CBF-B19D-35E8782C46D5}.Linux|Any CPU.ActiveCfg = Linux|Any CPU
		{50F67B1F-A739-4CBF-B19D-35E8782C46D5}.Linux|Mixed Platforms.ActiveCfg = Linux|Any CPU
		{50F67B1F-A739-4CBF-B19D-35E8782C46D5}.Linux|x86.ActiveCfg = Linux|Any CPU
		{50F67B1F-A739-4CBF-B19D-35E8782C46D5}.OSX|Any CPU.ActiveCfg = OSX|Any CPU
		{50F67B1F-A739-4CBF-B19D-35E8782C46D5}.OSX|Mixed Platforms.ActiveCfg = OSX|Any CPU
		{50F67B1F-A739-4CBF-B19D-35E8782C46D5}.OSX|x86.ActiveCfg = OSX|Any CPU
		{50F67B1F-A739-4CBF-B19D-35E8782C46D5}.PSM|Any CPU.ActiveCfg = PSM|Any CPU
		{50F67B1F-A739-4CBF-B19D-35E8782C46D5}.PSM|Mixed Platforms.ActiveCfg = PSM|Any CPU
		{50F67B1F-A739-4CBF-B19D-35E8782C46D5}.PSM|x86.ActiveCfg = PSM|Any CPU
		{50F67B1F-A739-4CBF-B19D-35E8782C46D5}.Release|Any CPU.ActiveCfg = PSM|Any CPU
		{50F67B1F-A739-4CBF-B19D-35E8782C46D5}.Release|Mixed Platforms.ActiveCfg = PSM|Any CPU
		{50F67B1F-A739-4CBF-B19D-35E8782C46D5}.Release|x86.ActiveCfg = PSM|Any CPU
		{50F67B1F-A739-4CBF-B19D-35E8782C46D5}.Windows|Any CPU.ActiveCfg = Windows|Any CPU
		{50F67B1F-A739-4CBF-B19D-35E8782C46D5}.Windows|Mixed Platforms.ActiveCfg = Windows|Any CPU
		{50F67B1F-A739-4CBF-B19D-35E8782C46D5}.Windows|x86.ActiveCfg = Windows|Any CPU
		{50F67B1F-A739-4CBF-B19D-35E8782C46D5}.Windows8|Any CPU.ActiveCfg = Windows8|Any CPU
		{50F67B1F-A739-4CBF-B19D-35E8782C46D5}.Windows8|Mixed Platforms.ActiveCfg = Windows8|Any CPU
		{50F67B1F-A739-4CBF-B19D-35E8782C46D5}.Windows8|x86.ActiveCfg = Windows8|Any CPU
	EndGlobalSection
	GlobalSection(SolutionProperties) = preSolution
		HideSolutionNode = FALSE
	EndGlobalSection
EndGlobal
